
Microsoft Visual Studio Solution File, Format Version 12.00
# Visual Studio Version 16
VisualStudioVersion = 16.0.31911.196
MinimumVisualStudioVersion = 10.0.40219.1
Project("{FAE04EC0-301F-11D3-BF4B-00C04F79EFBC}") = "Primeiro", "Primeiro\Primeiro.csproj", "{B3E9127A-98BE-41CC-96D0-C33E5C9A023E}"
EndProject
Global
	GlobalSection(SolutionConfigurationPlatforms) = preSolution
		Debug|Any CPU = Debug|Any CPU
		Release|Any CPU = Release|Any CPU
	EndGlobalSection
	GlobalSection(ProjectConfigurationPlatforms) = postSolution
		{B3E9127A-98BE-41CC-96D0-C33E5C9A023E}.Debug|Any CPU.ActiveCfg = Debug|Any CPU
		{B3E9127A-98BE-41CC-96D0-C33E5C9A023E}.Debug|Any CPU.Build.0 = Debug|Any CPU
		{B3E9127A-98BE-41CC-96D0-C33E5C9A023E}.Release|Any CPU.ActiveCfg = Release|Any CPU
		{B3E9127A-98BE-41CC-96D0-C33E5C9A023E}.Release|Any CPU.Build.0 = Release|Any CPU
	EndGlobalSection
	GlobalSection(SolutionProperties) = preSolution
		HideSolutionNode = FALSE
	EndGlobalSection
	GlobalSection(ExtensibilityGlobals) = postSolution
		SolutionGuid = {2917A2C8-1067-4DEF-95E7-1D1AB6CCDB4A}
	EndGlobalSection
EndGlobal
